
Microsoft Visual Studio Solution File, Format Version 12.00
# Visual Studio Version 16
VisualStudioVersion = 16.0.31702.278
MinimumVisualStudioVersion = 10.0.40219.1
Project("{159641D6-6404-4A2A-AE62-294DE0FE8301}") = "TTKD-10_DATH_AccidentUK", "TTKD-10_DATH_AccidentUK\TTKD-10_DATH_AccidentUK.dtproj", "{B63D178F-A7CD-4F41-B53B-50B61DDD8B62}"
EndProject
Global
	GlobalSection(SolutionConfigurationPlatforms) = preSolution
		Development|Default = Development|Default
	EndGlobalSection
	GlobalSection(ProjectConfigurationPlatforms) = postSolution
		{B63D178F-A7CD-4F41-B53B-50B61DDD8B62}.Development|Default.ActiveCfg = Development
		{B63D178F-A7CD-4F41-B53B-50B61DDD8B62}.Development|Default.Build.0 = Development
	EndGlobalSection
	GlobalSection(SolutionProperties) = preSolution
		HideSolutionNode = FALSE
	EndGlobalSection
	GlobalSection(ExtensibilityGlobals) = postSolution
		SolutionGuid = {5502A710-3A8A-4AC3-9DD6-949E20DFA55E}
	EndGlobalSection
EndGlobal
